
Microsoft Visual Studio Solution File, Format Version 12.00
# Visual Studio 15
VisualStudioVersion = 15.0.28307.572
MinimumVisualStudioVersion = 10.0.40219.1
Project("{FAE04EC0-301F-11D3-BF4B-00C04F79EFBC}") = "Ch12Ex01", "Ch12Ex01\Ch12Ex01.csproj", "{CE1427D3-57C3-4EA1-AE7F-369BF2252102}"
EndProject
Global
	GlobalSection(SolutionConfigurationPlatforms) = preSolution
		Debug|Any CPU = Debug|Any CPU
		Release|Any CPU = Release|Any CPU
	EndGlobalSection
	GlobalSection(ProjectConfigurationPlatforms) = postSolution
		{CE1427D3-57C3-4EA1-AE7F-369BF2252102}.Debug|Any CPU.ActiveCfg = Debug|Any CPU
		{CE1427D3-57C3-4EA1-AE7F-369BF2252102}.Debug|Any CPU.Build.0 = Debug|Any CPU
		{CE1427D3-57C3-4EA1-AE7F-369BF2252102}.Release|Any CPU.ActiveCfg = Release|Any CPU
		{CE1427D3-57C3-4EA1-AE7F-369BF2252102}.Release|Any CPU.Build.0 = Release|Any CPU
	EndGlobalSection
	GlobalSection(SolutionProperties) = preSolution
		HideSolutionNode = FALSE
	EndGlobalSection
	GlobalSection(ExtensibilityGlobals) = postSolution
		SolutionGuid = {BC1A7120-A002-4C87-8857-CFDF11DD4EDC}
	EndGlobalSection
EndGlobal
