
Microsoft Visual Studio Solution File, Format Version 12.00
# Visual Studio 15
VisualStudioVersion = 15.0.28307.572
MinimumVisualStudioVersion = 10.0.40219.1
Project("{FAE04EC0-301F-11D3-BF4B-00C04F79EFBC}") = "Ch11CardClient", "Ch11CardClient\Ch11CardClient.csproj", "{3BB7B1D4-1533-485B-8AC9-73D21A87CB18}"
EndProject
Global
	GlobalSection(SolutionConfigurationPlatforms) = preSolution
		Debug|Any CPU = Debug|Any CPU
		Release|Any CPU = Release|Any CPU
	EndGlobalSection
	GlobalSection(ProjectConfigurationPlatforms) = postSolution
		{3BB7B1D4-1533-485B-8AC9-73D21A87CB18}.Debug|Any CPU.ActiveCfg = Debug|Any CPU
		{3BB7B1D4-1533-485B-8AC9-73D21A87CB18}.Debug|Any CPU.Build.0 = Debug|Any CPU
		{3BB7B1D4-1533-485B-8AC9-73D21A87CB18}.Release|Any CPU.ActiveCfg = Release|Any CPU
		{3BB7B1D4-1533-485B-8AC9-73D21A87CB18}.Release|Any CPU.Build.0 = Release|Any CPU
	EndGlobalSection
	GlobalSection(SolutionProperties) = preSolution
		HideSolutionNode = FALSE
	EndGlobalSection
	GlobalSection(ExtensibilityGlobals) = postSolution
		SolutionGuid = {DBBF41D3-ACC2-4A3E-9C93-F8959A966606}
	EndGlobalSection
EndGlobal
