
Microsoft Visual Studio Solution File, Format Version 12.00
# Visual Studio 15
VisualStudioVersion = 15.0.28307.572
MinimumVisualStudioVersion = 10.0.40219.1
Project("{FAE04EC0-301F-11D3-BF4B-00C04F79EFBC}") = "Ch06Ex01", "Ch06Ex01\Ch06Ex01.csproj", "{B0A486E3-3B2C-4286-89BD-4C28E26A445A}"
EndProject
Global
	GlobalSection(SolutionConfigurationPlatforms) = preSolution
		Debug|Any CPU = Debug|Any CPU
		Release|Any CPU = Release|Any CPU
	EndGlobalSection
	GlobalSection(ProjectConfigurationPlatforms) = postSolution
		{B0A486E3-3B2C-4286-89BD-4C28E26A445A}.Debug|Any CPU.ActiveCfg = Debug|Any CPU
		{B0A486E3-3B2C-4286-89BD-4C28E26A445A}.Debug|Any CPU.Build.0 = Debug|Any CPU
		{B0A486E3-3B2C-4286-89BD-4C28E26A445A}.Release|Any CPU.ActiveCfg = Release|Any CPU
		{B0A486E3-3B2C-4286-89BD-4C28E26A445A}.Release|Any CPU.Build.0 = Release|Any CPU
	EndGlobalSection
	GlobalSection(SolutionProperties) = preSolution
		HideSolutionNode = FALSE
	EndGlobalSection
	GlobalSection(ExtensibilityGlobals) = postSolution
		SolutionGuid = {7CE8B464-A5EA-49AF-974A-26A22185855E}
	EndGlobalSection
EndGlobal
