
Microsoft Visual Studio Solution File, Format Version 12.00
# Visual Studio 15
VisualStudioVersion = 15.0.28307.572
MinimumVisualStudioVersion = 10.0.40219.1
Project("{FAE04EC0-301F-11D3-BF4B-00C04F79EFBC}") = "Ch13Ex06", "Ch13Ex06\Ch13Ex06.csproj", "{EDA3A69D-25E8-4577-A428-3A2917D1982D}"
EndProject
Global
	GlobalSection(SolutionConfigurationPlatforms) = preSolution
		Debug|Any CPU = Debug|Any CPU
		Release|Any CPU = Release|Any CPU
	EndGlobalSection
	GlobalSection(ProjectConfigurationPlatforms) = postSolution
		{EDA3A69D-25E8-4577-A428-3A2917D1982D}.Debug|Any CPU.ActiveCfg = Debug|Any CPU
		{EDA3A69D-25E8-4577-A428-3A2917D1982D}.Debug|Any CPU.Build.0 = Debug|Any CPU
		{EDA3A69D-25E8-4577-A428-3A2917D1982D}.Release|Any CPU.ActiveCfg = Release|Any CPU
		{EDA3A69D-25E8-4577-A428-3A2917D1982D}.Release|Any CPU.Build.0 = Release|Any CPU
	EndGlobalSection
	GlobalSection(SolutionProperties) = preSolution
		HideSolutionNode = FALSE
	EndGlobalSection
	GlobalSection(ExtensibilityGlobals) = postSolution
		SolutionGuid = {FD2738DA-3BE0-4B07-979B-F9BF15E26BF8}
	EndGlobalSection
EndGlobal
