
Microsoft Visual Studio Solution File, Format Version 12.00
# Visual Studio 15
VisualStudioVersion = 15.0.28307.572
MinimumVisualStudioVersion = 10.0.40219.1
Project("{FAE04EC0-301F-11D3-BF4B-00C04F79EFBC}") = "Ch05Ex03", "Ch05Ex03\Ch05Ex03.csproj", "{96B6CE2D-BC53-4221-8049-A27048221128}"
EndProject
Global
	GlobalSection(SolutionConfigurationPlatforms) = preSolution
		Debug|Any CPU = Debug|Any CPU
		Release|Any CPU = Release|Any CPU
	EndGlobalSection
	GlobalSection(ProjectConfigurationPlatforms) = postSolution
		{96B6CE2D-BC53-4221-8049-A27048221128}.Debug|Any CPU.ActiveCfg = Debug|Any CPU
		{96B6CE2D-BC53-4221-8049-A27048221128}.Debug|Any CPU.Build.0 = Debug|Any CPU
		{96B6CE2D-BC53-4221-8049-A27048221128}.Release|Any CPU.ActiveCfg = Release|Any CPU
		{96B6CE2D-BC53-4221-8049-A27048221128}.Release|Any CPU.Build.0 = Release|Any CPU
	EndGlobalSection
	GlobalSection(SolutionProperties) = preSolution
		HideSolutionNode = FALSE
	EndGlobalSection
	GlobalSection(ExtensibilityGlobals) = postSolution
		SolutionGuid = {7FF19B9E-7B8D-4F3A-8C5A-70E19DF7D6D9}
	EndGlobalSection
EndGlobal
